
Microsoft Visual Studio Solution File, Format Version 12.00
# Visual Studio Version 16
VisualStudioVersion = 16.0.30104.148
MinimumVisualStudioVersion = 10.0.40219.1
Project("{FAE04EC0-301F-11D3-BF4B-00C04F79EFBC}") = "WindTrackCreator", "WindTrackCreator.csproj", "{C992D670-1255-4BBB-8D30-6160D056C5F0}"
EndProject
Global
	GlobalSection(SolutionConfigurationPlatforms) = preSolution
		Debug|Any CPU = Debug|Any CPU
		Release|Any CPU = Release|Any CPU
	EndGlobalSection
	GlobalSection(ProjectConfigurationPlatforms) = postSolution
		{C992D670-1255-4BBB-8D30-6160D056C5F0}.Debug|Any CPU.ActiveCfg = Debug|Any CPU
		{C992D670-1255-4BBB-8D30-6160D056C5F0}.Debug|Any CPU.Build.0 = Debug|Any CPU
		{C992D670-1255-4BBB-8D30-6160D056C5F0}.Release|Any CPU.ActiveCfg = Release|Any CPU
		{C992D670-1255-4BBB-8D30-6160D056C5F0}.Release|Any CPU.Build.0 = Release|Any CPU
	EndGlobalSection
	GlobalSection(SolutionProperties) = preSolution
		HideSolutionNode = FALSE
	EndGlobalSection
	GlobalSection(ExtensibilityGlobals) = postSolution
		SolutionGuid = {D3ABFEB0-C86E-4459-8F8E-CE72E2361EF3}
	EndGlobalSection
EndGlobal
